
Microsoft Visual Studio Solution File, Format Version 12.00
# Visual Studio 2013
VisualStudioVersion = 12.0.30501.0
MinimumVisualStudioVersion = 10.0.40219.1
Project("{FAE04EC0-301F-11D3-BF4B-00C04F79EFBC}") = "ArtistGigs.iOS", "ArtistGigs\ArtistGigs.iOS\ArtistGigs.iOS.csproj", "{9AB7C8AD-F92E-4E8F-B097-A582884D5B85}"
EndProject
Project("{FAE04EC0-301F-11D3-BF4B-00C04F79EFBC}") = "ArtistGigs.Android", "ArtistGigs\ArtistGigs.Android\ArtistGigs.Android.csproj", "{9FE1E74A-43CF-4E1F-B985-E55BD4E88479}"
EndProject
Project("{FAE04EC0-301F-11D3-BF4B-00C04F79EFBC}") = "ArtistGigs.WinPhone", "ArtistGigs\ArtistGigs.WinPhone\ArtistGigs.WinPhone.csproj", "{A0645BDF-BA7D-4C65-A647-11946008D18A}"
EndProject
Project("{D954291E-2A0B-460D-934E-DC6B0785DB48}") = "ArtistGigs", "ArtistGig.Shared\ArtistGigs.shproj", "{32D64F35-5D1E-46B3-956A-5C7A30A654A0}"
EndProject
Project("{2150E333-8FDC-42A3-9474-1A3956D46DE8}") = ".nuget", ".nuget", "{A6D1B957-C727-44F0-B9B7-8D1FFC89F81A}"
	ProjectSection(SolutionItems) = preProject
		.nuget\NuGet.Config = .nuget\NuGet.Config
		.nuget\NuGet.exe = .nuget\NuGet.exe
		.nuget\NuGet.targets = .nuget\NuGet.targets
	EndProjectSection
EndProject
Global
	GlobalSection(SharedMSBuildProjectFiles) = preSolution
		ArtistGig.Shared\ArtistGig.Shared.projitems*{9ab7c8ad-f92e-4e8f-b097-a582884d5b85}*SharedItemsImports = 4
		ArtistGig.Shared\ArtistGig.Shared.projitems*{a0645bdf-ba7d-4c65-a647-11946008d18a}*SharedItemsImports = 4
		ArtistGig.Shared\ArtistGig.Shared.projitems*{32d64f35-5d1e-46b3-956a-5c7a30a654a0}*SharedItemsImports = 13
		ArtistGig.Shared\ArtistGig.Shared.projitems*{9fe1e74a-43cf-4e1f-b985-e55bd4e88479}*SharedItemsImports = 4
	EndGlobalSection
	GlobalSection(SolutionConfigurationPlatforms) = preSolution
		Ad-Hoc|Any CPU = Ad-Hoc|Any CPU
		Ad-Hoc|ARM = Ad-Hoc|ARM
		Ad-Hoc|iPhone = Ad-Hoc|iPhone
		Ad-Hoc|iPhoneSimulator = Ad-Hoc|iPhoneSimulator
		Ad-Hoc|Mixed Platforms = Ad-Hoc|Mixed Platforms
		Ad-Hoc|x86 = Ad-Hoc|x86
		AppStore|Any CPU = AppStore|Any CPU
		AppStore|ARM = AppStore|ARM
		AppStore|iPhone = AppStore|iPhone
		AppStore|iPhoneSimulator = AppStore|iPhoneSimulator
		AppStore|Mixed Platforms = AppStore|Mixed Platforms
		AppStore|x86 = AppStore|x86
		Debug|Any CPU = Debug|Any CPU
		Debug|ARM = Debug|ARM
		Debug|iPhone = Debug|iPhone
		Debug|iPhoneSimulator = Debug|iPhoneSimulator
		Debug|Mixed Platforms = Debug|Mixed Platforms
		Debug|x86 = Debug|x86
		Release|Any CPU = Release|Any CPU
		Release|ARM = Release|ARM
		Release|iPhone = Release|iPhone
		Release|iPhoneSimulator = Release|iPhoneSimulator
		Release|Mixed Platforms = Release|Mixed Platforms
		Release|x86 = Release|x86
	EndGlobalSection
	GlobalSection(ProjectConfigurationPlatforms) = postSolution
		{9AB7C8AD-F92E-4E8F-B097-A582884D5B85}.Ad-Hoc|Any CPU.ActiveCfg = Ad-Hoc|iPhone
		{9AB7C8AD-F92E-4E8F-B097-A582884D5B85}.Ad-Hoc|ARM.ActiveCfg = Ad-Hoc|iPhone
		{9AB7C8AD-F92E-4E8F-B097-A582884D5B85}.Ad-Hoc|iPhone.ActiveCfg = Ad-Hoc|iPhone
		{9AB7C8AD-F92E-4E8F-B097-A582884D5B85}.Ad-Hoc|iPhone.Build.0 = Ad-Hoc|iPhone
		{9AB7C8AD-F92E-4E8F-B097-A582884D5B85}.Ad-Hoc|iPhone.Deploy.0 = Ad-Hoc|iPhone
		{9AB7C8AD-F92E-4E8F-B097-A582884D5B85}.Ad-Hoc|iPhoneSimulator.ActiveCfg = Ad-Hoc|iPhoneSimulator
		{9AB7C8AD-F92E-4E8F-B097-A582884D5B85}.Ad-Hoc|iPhoneSimulator.Build.0 = Ad-Hoc|iPhoneSimulator
		{9AB7C8AD-F92E-4E8F-B097-A582884D5B85}.Ad-Hoc|iPhoneSimulator.Deploy.0 = Ad-Hoc|iPhoneSimulator
		{9AB7C8AD-F92E-4E8F-B097-A582884D5B85}.Ad-Hoc|Mixed Platforms.ActiveCfg = Ad-Hoc|iPhone
		{9AB7C8AD-F92E-4E8F-B097-A582884D5B85}.Ad-Hoc|Mixed Platforms.Build.0 = Ad-Hoc|iPhone
		{9AB7C8AD-F92E-4E8F-B097-A582884D5B85}.Ad-Hoc|Mixed Platforms.Deploy.0 = Ad-Hoc|iPhone
		{9AB7C8AD-F92E-4E8F-B097-A582884D5B85}.Ad-Hoc|x86.ActiveCfg = Ad-Hoc|iPhone
		{9AB7C8AD-F92E-4E8F-B097-A582884D5B85}.AppStore|Any CPU.ActiveCfg = AppStore|iPhone
		{9AB7C8AD-F92E-4E8F-B097-A582884D5B85}.AppStore|ARM.ActiveCfg = AppStore|iPhone
		{9AB7C8AD-F92E-4E8F-B097-A582884D5B85}.AppStore|iPhone.ActiveCfg = AppStore|iPhone
		{9AB7C8AD-F92E-4E8F-B097-A582884D5B85}.AppStore|iPhone.Build.0 = AppStore|iPhone
		{9AB7C8AD-F92E-4E8F-B097-A582884D5B85}.AppStore|iPhone.Deploy.0 = AppStore|iPhone
		{9AB7C8AD-F92E-4E8F-B097-A582884D5B85}.AppStore|iPhoneSimulator.ActiveCfg = AppStore|iPhoneSimulator
		{9AB7C8AD-F92E-4E8F-B097-A582884D5B85}.AppStore|iPhoneSimulator.Build.0 = AppStore|iPhoneSimulator
		{9AB7C8AD-F92E-4E8F-B097-A582884D5B85}.AppStore|iPhoneSimulator.Deploy.0 = AppStore|iPhoneSimulator
		{9AB7C8AD-F92E-4E8F-B097-A582884D5B85}.AppStore|Mixed Platforms.ActiveCfg = AppStore|iPhone
		{9AB7C8AD-F92E-4E8F-B097-A582884D5B85}.AppStore|Mixed Platforms.Build.0 = AppStore|iPhone
		{9AB7C8AD-F92E-4E8F-B097-A582884D5B85}.AppStore|Mixed Platforms.Deploy.0 = AppStore|iPhone
		{9AB7C8AD-F92E-4E8F-B097-A582884D5B85}.AppStore|x86.ActiveCfg = AppStore|iPhone
		{9AB7C8AD-F92E-4E8F-B097-A582884D5B85}.Debug|Any CPU.ActiveCfg = Debug|iPhone
		{9AB7C8AD-F92E-4E8F-B097-A582884D5B85}.Debug|ARM.ActiveCfg = Debug|iPhone
		{9AB7C8AD-F92E-4E8F-B097-A582884D5B85}.Debug|iPhone.ActiveCfg = Debug|iPhone
		{9AB7C8AD-F92E-4E8F-B097-A582884D5B85}.Debug|iPhone.Build.0 = Debug|iPhone
		{9AB7C8AD-F92E-4E8F-B097-A582884D5B85}.Debug|iPhone.Deploy.0 = Debug|iPhone
		{9AB7C8AD-F92E-4E8F-B097-A582884D5B85}.Debug|iPhoneSimulator.ActiveCfg = Debug|iPhoneSimulator
		{9AB7C8AD-F92E-4E8F-B097-A582884D5B85}.Debug|iPhoneSimulator.Build.0 = Debug|iPhoneSimulator
		{9AB7C8AD-F92E-4E8F-B097-A582884D5B85}.Debug|iPhoneSimulator.Deploy.0 = Debug|iPhoneSimulator
		{9AB7C8AD-F92E-4E8F-B097-A582884D5B85}.Debug|Mixed Platforms.ActiveCfg = Debug|iPhoneSimulator
		{9AB7C8AD-F92E-4E8F-B097-A582884D5B85}.Debug|Mixed Platforms.Build.0 = Debug|iPhoneSimulator
		{9AB7C8AD-F92E-4E8F-B097-A582884D5B85}.Debug|Mixed Platforms.Deploy.0 = Debug|iPhoneSimulator
		{9AB7C8AD-F92E-4E8F-B097-A582884D5B85}.Debug|x86.ActiveCfg = Debug|iPhone
		{9AB7C8AD-F92E-4E8F-B097-A582884D5B85}.Release|Any CPU.ActiveCfg = Release|iPhone
		{9AB7C8AD-F92E-4E8F-B097-A582884D5B85}.Release|ARM.ActiveCfg = Release|iPhone
		{9AB7C8AD-F92E-4E8F-B097-A582884D5B85}.Release|iPhone.ActiveCfg = Release|iPhone
		{9AB7C8AD-F92E-4E8F-B097-A582884D5B85}.Release|iPhone.Build.0 = Release|iPhone
		{9AB7C8AD-F92E-4E8F-B097-A582884D5B85}.Release|iPhone.Deploy.0 = Release|iPhone
		{9AB7C8AD-F92E-4E8F-B097-A582884D5B85}.Release|iPhoneSimulator.ActiveCfg = Release|iPhoneSimulator
		{9AB7C8AD-F92E-4E8F-B097-A582884D5B85}.Release|iPhoneSimulator.Build.0 = Release|iPhoneSimulator
		{9AB7C8AD-F92E-4E8F-B097-A582884D5B85}.Release|iPhoneSimulator.Deploy.0 = Release|iPhoneSimulator
		{9AB7C8AD-F92E-4E8F-B097-A582884D5B85}.Release|Mixed Platforms.ActiveCfg = Release|iPhone
		{9AB7C8AD-F92E-4E8F-B097-A582884D5B85}.Release|Mixed Platforms.Build.0 = Release|iPhone
		{9AB7C8AD-F92E-4E8F-B097-A582884D5B85}.Release|Mixed Platforms.Deploy.0 = Release|iPhone
		{9AB7C8AD-F92E-4E8F-B097-A582884D5B85}.Release|x86.ActiveCfg = Release|iPhone
		{9FE1E74A-43CF-4E1F-B985-E55BD4E88479}.Ad-Hoc|Any CPU.ActiveCfg = Release|Any CPU
		{9FE1E74A-43CF-4E1F-B985-E55BD4E88479}.Ad-Hoc|Any CPU.Build.0 = Release|Any CPU
		{9FE1E74A-43CF-4E1F-B985-E55BD4E88479}.Ad-Hoc|Any CPU.Deploy.0 = Release|Any CPU
		{9FE1E74A-43CF-4E1F-B985-E55BD4E88479}.Ad-Hoc|ARM.ActiveCfg = Release|Any CPU
		{9FE1E74A-43CF-4E1F-B985-E55BD4E88479}.Ad-Hoc|iPhone.ActiveCfg = Release|Any CPU
		{9FE1E74A-43CF-4E1F-B985-E55BD4E88479}.Ad-Hoc|iPhoneSimulator.ActiveCfg = Release|Any CPU
		{9FE1E74A-43CF-4E1F-B985-E55BD4E88479}.Ad-Hoc|Mixed Platforms.ActiveCfg = Release|Any CPU
		{9FE1E74A-43CF-4E1F-B985-E55BD4E88479}.Ad-Hoc|Mixed Platforms.Build.0 = Release|Any CPU
		{9FE1E74A-43CF-4E1F-B985-E55BD4E88479}.Ad-Hoc|Mixed Platforms.Deploy.0 = Release|Any CPU
		{9FE1E74A-43CF-4E1F-B985-E55BD4E88479}.Ad-Hoc|x86.ActiveCfg = Release|Any CPU
		{9FE1E74A-43CF-4E1F-B985-E55BD4E88479}.AppStore|Any CPU.ActiveCfg = Release|Any CPU
		{9FE1E74A-43CF-4E1F-B985-E55BD4E88479}.AppStore|Any CPU.Build.0 = Release|Any CPU
		{9FE1E74A-43CF-4E1F-B985-E55BD4E88479}.AppStore|Any CPU.Deploy.0 = Release|Any CPU
		{9FE1E74A-43CF-4E1F-B985-E55BD4E88479}.AppStore|ARM.ActiveCfg = Release|Any CPU
		{9FE1E74A-43CF-4E1F-B985-E55BD4E88479}.AppStore|iPhone.ActiveCfg = Release|Any CPU
		{9FE1E74A-43CF-4E1F-B985-E55BD4E88479}.AppStore|iPhoneSimulator.ActiveCfg = Release|Any CPU
		{9FE1E74A-43CF-4E1F-B985-E55BD4E88479}.AppStore|Mixed Platforms.ActiveCfg = Release|Any CPU
		{9FE1E74A-43CF-4E1F-B985-E55BD4E88479}.AppStore|Mixed Platforms.Build.0 = Release|Any CPU
		{9FE1E74A-43CF-4E1F-B985-E55BD4E88479}.AppStore|Mixed Platforms.Deploy.0 = Release|Any CPU
		{9FE1E74A-43CF-4E1F-B985-E55BD4E88479}.AppStore|x86.ActiveCfg = Release|Any CPU
		{9FE1E74A-43CF-4E1F-B985-E55BD4E88479}.Debug|Any CPU.ActiveCfg = Debug|Any CPU
		{9FE1E74A-43CF-4E1F-B985-E55BD4E88479}.Debug|Any CPU.Build.0 = Debug|Any CPU
		{9FE1E74A-43CF-4E1F-B985-E55BD4E88479}.Debug|Any CPU.Deploy.0 = Debug|Any CPU
		{9FE1E74A-43CF-4E1F-B985-E55BD4E88479}.Debug|ARM.ActiveCfg = Debug|Any CPU
		{9FE1E74A-43CF-4E1F-B985-E55BD4E88479}.Debug|iPhone.ActiveCfg = Debug|Any CPU
		{9FE1E74A-43CF-4E1F-B985-E55BD4E88479}.Debug|iPhoneSimulator.ActiveCfg = Debug|Any CPU
		{9FE1E74A-43CF-4E1F-B985-E55BD4E88479}.Debug|Mixed Platforms.ActiveCfg = Debug|Any CPU
		{9FE1E74A-43CF-4E1F-B985-E55BD4E88479}.Debug|Mixed Platforms.Build.0 = Debug|Any CPU
		{9FE1E74A-43CF-4E1F-B985-E55BD4E88479}.Debug|Mixed Platforms.Deploy.0 = Debug|Any CPU
		{9FE1E74A-43CF-4E1F-B985-E55BD4E88479}.Debug|x86.ActiveCfg = Debug|Any CPU
		{9FE1E74A-43CF-4E1F-B985-E55BD4E88479}.Release|Any CPU.ActiveCfg = Release|Any CPU
		{9FE1E74A-43CF-4E1F-B985-E55BD4E88479}.Release|Any CPU.Build.0 = Release|Any CPU
		{9FE1E74A-43CF-4E1F-B985-E55BD4E88479}.Release|Any CPU.Deploy.0 = Release|Any CPU
		{9FE1E74A-43CF-4E1F-B985-E55BD4E88479}.Release|ARM.ActiveCfg = Release|Any CPU
		{9FE1E74A-43CF-4E1F-B985-E55BD4E88479}.Release|iPhone.ActiveCfg = Release|Any CPU
		{9FE1E74A-43CF-4E1F-B985-E55BD4E88479}.Release|iPhoneSimulator.ActiveCfg = Release|Any CPU
		{9FE1E74A-43CF-4E1F-B985-E55BD4E88479}.Release|Mixed Platforms.ActiveCfg = Release|Any CPU
		{9FE1E74A-43CF-4E1F-B985-E55BD4E88479}.Release|Mixed Platforms.Build.0 = Release|Any CPU
		{9FE1E74A-43CF-4E1F-B985-E55BD4E88479}.Release|Mixed Platforms.Deploy.0 = Release|Any CPU
		{9FE1E74A-43CF-4E1F-B985-E55BD4E88479}.Release|x86.ActiveCfg = Release|Any CPU
		{A0645BDF-BA7D-4C65-A647-11946008D18A}.Ad-Hoc|Any CPU.ActiveCfg = Release|Any CPU
		{A0645BDF-BA7D-4C65-A647-11946008D18A}.Ad-Hoc|Any CPU.Build.0 = Release|Any CPU
		{A0645BDF-BA7D-4C65-A647-11946008D18A}.Ad-Hoc|Any CPU.Deploy.0 = Release|Any CPU
		{A0645BDF-BA7D-4C65-A647-11946008D18A}.Ad-Hoc|ARM.ActiveCfg = Release|ARM
		{A0645BDF-BA7D-4C65-A647-11946008D18A}.Ad-Hoc|ARM.Build.0 = Release|ARM
		{A0645BDF-BA7D-4C65-A647-11946008D18A}.Ad-Hoc|ARM.Deploy.0 = Release|ARM
		{A0645BDF-BA7D-4C65-A647-11946008D18A}.Ad-Hoc|iPhone.ActiveCfg = Release|Any CPU
		{A0645BDF-BA7D-4C65-A647-11946008D18A}.Ad-Hoc|iPhoneSimulator.ActiveCfg = Release|Any CPU
		{A0645BDF-BA7D-4C65-A647-11946008D18A}.Ad-Hoc|Mixed Platforms.ActiveCfg = Release|x86
		{A0645BDF-BA7D-4C65-A647-11946008D18A}.Ad-Hoc|Mixed Platforms.Build.0 = Release|x86
		{A0645BDF-BA7D-4C65-A647-11946008D18A}.Ad-Hoc|Mixed Platforms.Deploy.0 = Release|x86
		{A0645BDF-BA7D-4C65-A647-11946008D18A}.Ad-Hoc|x86.ActiveCfg = Release|x86
		{A0645BDF-BA7D-4C65-A647-11946008D18A}.Ad-Hoc|x86.Build.0 = Release|x86
		{A0645BDF-BA7D-4C65-A647-11946008D18A}.Ad-Hoc|x86.Deploy.0 = Release|x86
		{A0645BDF-BA7D-4C65-A647-11946008D18A}.AppStore|Any CPU.ActiveCfg = Release|Any CPU
		{A0645BDF-BA7D-4C65-A647-11946008D18A}.AppStore|Any CPU.Build.0 = Release|Any CPU
		{A0645BDF-BA7D-4C65-A647-11946008D18A}.AppStore|Any CPU.Deploy.0 = Release|Any CPU
		{A0645BDF-BA7D-4C65-A647-11946008D18A}.AppStore|ARM.ActiveCfg = Release|ARM
		{A0645BDF-BA7D-4C65-A647-11946008D18A}.AppStore|ARM.Build.0 = Release|ARM
		{A0645BDF-BA7D-4C65-A647-11946008D18A}.AppStore|ARM.Deploy.0 = Release|ARM
		{A0645BDF-BA7D-4C65-A647-11946008D18A}.AppStore|iPhone.ActiveCfg = Release|Any CPU
		{A0645BDF-BA7D-4C65-A647-11946008D18A}.AppStore|iPhoneSimulator.ActiveCfg = Release|Any CPU
		{A0645BDF-BA7D-4C65-A647-11946008D18A}.AppStore|Mixed Platforms.ActiveCfg = Release|x86
		{A0645BDF-BA7D-4C65-A647-11946008D18A}.AppStore|Mixed Platforms.Build.0 = Release|x86
		{A0645BDF-BA7D-4C65-A647-11946008D18A}.AppStore|Mixed Platforms.Deploy.0 = Release|x86
		{A0645BDF-BA7D-4C65-A647-11946008D18A}.AppStore|x86.ActiveCfg = Release|x86
		{A0645BDF-BA7D-4C65-A647-11946008D18A}.AppStore|x86.Build.0 = Release|x86
		{A0645BDF-BA7D-4C65-A647-11946008D18A}.AppStore|x86.Deploy.0 = Release|x86
		{A0645BDF-BA7D-4C65-A647-11946008D18A}.Debug|Any CPU.ActiveCfg = Debug|Any CPU
		{A0645BDF-BA7D-4C65-A647-11946008D18A}.Debug|Any CPU.Build.0 = Debug|Any CPU
		{A0645BDF-BA7D-4C65-A647-11946008D18A}.Debug|Any CPU.Deploy.0 = Debug|Any CPU
		{A0645BDF-BA7D-4C65-A647-11946008D18A}.Debug|ARM.ActiveCfg = Debug|ARM
		{A0645BDF-BA7D-4C65-A647-11946008D18A}.Debug|ARM.Build.0 = Debug|ARM
		{A0645BDF-BA7D-4C65-A647-11946008D18A}.Debug|ARM.Deploy.0 = Debug|ARM
		{A0645BDF-BA7D-4C65-A647-11946008D18A}.Debug|iPhone.ActiveCfg = Debug|Any CPU
		{A0645BDF-BA7D-4C65-A647-11946008D18A}.Debug|iPhoneSimulator.ActiveCfg = Debug|Any CPU
		{A0645BDF-BA7D-4C65-A647-11946008D18A}.Debug|Mixed Platforms.ActiveCfg = Debug|Any CPU
		{A0645BDF-BA7D-4C65-A647-11946008D18A}.Debug|Mixed Platforms.Build.0 = Debug|Any CPU
		{A0645BDF-BA7D-4C65-A647-11946008D18A}.Debug|Mixed Platforms.Deploy.0 = Debug|Any CPU
		{A0645BDF-BA7D-4C65-A647-11946008D18A}.Debug|x86.ActiveCfg = Debug|x86
		{A0645BDF-BA7D-4C65-A647-11946008D18A}.Debug|x86.Build.0 = Debug|x86
		{A0645BDF-BA7D-4C65-A647-11946008D18A}.Debug|x86.Deploy.0 = Debug|x86
		{A0645BDF-BA7D-4C65-A647-11946008D18A}.Release|Any CPU.ActiveCfg = Release|Any CPU
		{A0645BDF-BA7D-4C65-A647-11946008D18A}.Release|Any CPU.Build.0 = Release|Any CPU
		{A0645BDF-BA7D-4C65-A647-11946008D18A}.Release|Any CPU.Deploy.0 = Release|Any CPU
		{A0645BDF-BA7D-4C65-A647-11946008D18A}.Release|ARM.ActiveCfg = Release|ARM
		{A0645BDF-BA7D-4C65-A647-11946008D18A}.Release|ARM.Build.0 = Release|ARM
		{A0645BDF-BA7D-4C65-A647-11946008D18A}.Release|ARM.Deploy.0 = Release|ARM
		{A0645BDF-BA7D-4C65-A647-11946008D18A}.Release|iPhone.ActiveCfg = Release|Any CPU
		{A0645BDF-BA7D-4C65-A647-11946008D18A}.Release|iPhoneSimulator.ActiveCfg = Release|Any CPU
		{A0645BDF-BA7D-4C65-A647-11946008D18A}.Release|Mixed Platforms.ActiveCfg = Release|x86
		{A0645BDF-BA7D-4C65-A647-11946008D18A}.Release|Mixed Platforms.Build.0 = Release|x86
		{A0645BDF-BA7D-4C65-A647-11946008D18A}.Release|Mixed Platforms.Deploy.0 = Release|x86
		{A0645BDF-BA7D-4C65-A647-11946008D18A}.Release|x86.ActiveCfg = Release|x86
		{A0645BDF-BA7D-4C65-A647-11946008D18A}.Release|x86.Build.0 = Release|x86
		{A0645BDF-BA7D-4C65-A647-11946008D18A}.Release|x86.Deploy.0 = Release|x86
	EndGlobalSection
	GlobalSection(SolutionProperties) = preSolution
		HideSolutionNode = FALSE
	EndGlobalSection
EndGlobal
